
Microsoft Visual Studio Solution File, Format Version 12.00
# Visual Studio 2013
VisualStudioVersion = 12.0.40629.0
MinimumVisualStudioVersion = 10.0.40219.1
Project("{FAE04EC0-301F-11D3-BF4B-00C04F79EFBC}") = "1.附和导线平差", "1.附和导线平差\1.附和导线平差.csproj", "{B57D501F-9971-467D-A036-8479D2DD8374}"
EndProject
Project("{6141683F-8A12-4E36-9623-2EB02B2C2303}") = "Setup1", "Setup1\Setup1.isproj", "{FC361F3B-74EA-4DF3-8211-55DCD295E316}"
EndProject
Global
	GlobalSection(SolutionConfigurationPlatforms) = preSolution
		CD_ROM|Any CPU = CD_ROM|Any CPU
		Debug|Any CPU = Debug|Any CPU
		DVD-5|Any CPU = DVD-5|Any CPU
		Release|Any CPU = Release|Any CPU
		SingleImage|Any CPU = SingleImage|Any CPU
	EndGlobalSection
	GlobalSection(ProjectConfigurationPlatforms) = postSolution
		{B57D501F-9971-467D-A036-8479D2DD8374}.CD_ROM|Any CPU.ActiveCfg = Release|Any CPU
		{B57D501F-9971-467D-A036-8479D2DD8374}.CD_ROM|Any CPU.Build.0 = Release|Any CPU
		{B57D501F-9971-467D-A036-8479D2DD8374}.Debug|Any CPU.ActiveCfg = Debug|Any CPU
		{B57D501F-9971-467D-A036-8479D2DD8374}.Debug|Any CPU.Build.0 = Debug|Any CPU
		{B57D501F-9971-467D-A036-8479D2DD8374}.DVD-5|Any CPU.ActiveCfg = Debug|Any CPU
		{B57D501F-9971-467D-A036-8479D2DD8374}.DVD-5|Any CPU.Build.0 = Debug|Any CPU
		{B57D501F-9971-467D-A036-8479D2DD8374}.Release|Any CPU.ActiveCfg = Release|Any CPU
		{B57D501F-9971-467D-A036-8479D2DD8374}.Release|Any CPU.Build.0 = Release|Any CPU
		{B57D501F-9971-467D-A036-8479D2DD8374}.SingleImage|Any CPU.ActiveCfg = Release|Any CPU
		{B57D501F-9971-467D-A036-8479D2DD8374}.SingleImage|Any CPU.Build.0 = Release|Any CPU
		{FC361F3B-74EA-4DF3-8211-55DCD295E316}.CD_ROM|Any CPU.ActiveCfg = CD_ROM
		{FC361F3B-74EA-4DF3-8211-55DCD295E316}.CD_ROM|Any CPU.Build.0 = CD_ROM
		{FC361F3B-74EA-4DF3-8211-55DCD295E316}.Debug|Any CPU.ActiveCfg = DVD-5
		{FC361F3B-74EA-4DF3-8211-55DCD295E316}.Debug|Any CPU.Build.0 = DVD-5
		{FC361F3B-74EA-4DF3-8211-55DCD295E316}.DVD-5|Any CPU.ActiveCfg = DVD-5
		{FC361F3B-74EA-4DF3-8211-55DCD295E316}.DVD-5|Any CPU.Build.0 = DVD-5
		{FC361F3B-74EA-4DF3-8211-55DCD295E316}.Release|Any CPU.ActiveCfg = SingleImage
		{FC361F3B-74EA-4DF3-8211-55DCD295E316}.Release|Any CPU.Build.0 = SingleImage
		{FC361F3B-74EA-4DF3-8211-55DCD295E316}.SingleImage|Any CPU.ActiveCfg = SingleImage
		{FC361F3B-74EA-4DF3-8211-55DCD295E316}.SingleImage|Any CPU.Build.0 = SingleImage
	EndGlobalSection
	GlobalSection(SolutionProperties) = preSolution
		HideSolutionNode = FALSE
	EndGlobalSection
EndGlobal
